
Microsoft Visual Studio Solution File, Format Version 12.00
# Visual Studio Version 17
VisualStudioVersion = 17.9.34622.214
MinimumVisualStudioVersion = 10.0.40219.1
Project("{9A19103F-16F7-4668-BE54-9A1E7A4F7556}") = "EShopManagement.Domain", "EShopManagement.Domain\EShopManagement.Domain.csproj", "{02E17F16-0609-40A4-AD22-FB453418F42E}"
EndProject
Project("{2150E333-8FDC-42A3-9474-1A3956D46DE8}") = "Shared", "Shared", "{5581EA1A-ADEE-4102-9730-3AD6D3D62BA7}"
EndProject
Project("{9A19103F-16F7-4668-BE54-9A1E7A4F7556}") = "EShopManagement.Shared.Abstractions", "EShopManagement.Shared.Abstractions\EShopManagement.Shared.Abstractions.csproj", "{79180148-8F5A-4924-8F0C-8EDB51E239A4}"
EndProject
Project("{9A19103F-16F7-4668-BE54-9A1E7A4F7556}") = "EShopManagement.Application", "EShopManagement.Application\EShopManagement.Application.csproj", "{165EA75E-0BD3-44C7-8908-8F1303249A36}"
EndProject
Project("{9A19103F-16F7-4668-BE54-9A1E7A4F7556}") = "EShopManagement.Infrastructure", "EShopManagement.Infrastructure\EShopManagement.Infrastructure.csproj", "{B76F0956-EB03-4580-855B-C7C23EFACC2D}"
EndProject
Project("{9A19103F-16F7-4668-BE54-9A1E7A4F7556}") = "EShopManagement.Shared", "EShopManagement.Shared\EShopManagement.Shared.csproj", "{40CBD202-FAC8-454B-A2F8-EE90269E153A}"
EndProject
Project("{FAE04EC0-301F-11D3-BF4B-00C04F79EFBC}") = "EShopManagement.WebMVC", "EShopManagement.WebMVC\EShopManagement.WebMVC.csproj", "{D96DF76F-5622-41E1-9DEC-FF25644A15BE}"
EndProject
Global
	GlobalSection(SolutionConfigurationPlatforms) = preSolution
		Debug|Any CPU = Debug|Any CPU
		Release|Any CPU = Release|Any CPU
	EndGlobalSection
	GlobalSection(ProjectConfigurationPlatforms) = postSolution
		{02E17F16-0609-40A4-AD22-FB453418F42E}.Debug|Any CPU.ActiveCfg = Debug|Any CPU
		{02E17F16-0609-40A4-AD22-FB453418F42E}.Debug|Any CPU.Build.0 = Debug|Any CPU
		{02E17F16-0609-40A4-AD22-FB453418F42E}.Release|Any CPU.ActiveCfg = Release|Any CPU
		{02E17F16-0609-40A4-AD22-FB453418F42E}.Release|Any CPU.Build.0 = Release|Any CPU
		{79180148-8F5A-4924-8F0C-8EDB51E239A4}.Debug|Any CPU.ActiveCfg = Debug|Any CPU
		{79180148-8F5A-4924-8F0C-8EDB51E239A4}.Debug|Any CPU.Build.0 = Debug|Any CPU
		{79180148-8F5A-4924-8F0C-8EDB51E239A4}.Release|Any CPU.ActiveCfg = Release|Any CPU
		{79180148-8F5A-4924-8F0C-8EDB51E239A4}.Release|Any CPU.Build.0 = Release|Any CPU
		{165EA75E-0BD3-44C7-8908-8F1303249A36}.Debug|Any CPU.ActiveCfg = Debug|Any CPU
		{165EA75E-0BD3-44C7-8908-8F1303249A36}.Debug|Any CPU.Build.0 = Debug|Any CPU
		{165EA75E-0BD3-44C7-8908-8F1303249A36}.Release|Any CPU.ActiveCfg = Release|Any CPU
		{165EA75E-0BD3-44C7-8908-8F1303249A36}.Release|Any CPU.Build.0 = Release|Any CPU
		{B76F0956-EB03-4580-855B-C7C23EFACC2D}.Debug|Any CPU.ActiveCfg = Debug|Any CPU
		{B76F0956-EB03-4580-855B-C7C23EFACC2D}.Debug|Any CPU.Build.0 = Debug|Any CPU
		{B76F0956-EB03-4580-855B-C7C23EFACC2D}.Release|Any CPU.ActiveCfg = Release|Any CPU
		{B76F0956-EB03-4580-855B-C7C23EFACC2D}.Release|Any CPU.Build.0 = Release|Any CPU
		{40CBD202-FAC8-454B-A2F8-EE90269E153A}.Debug|Any CPU.ActiveCfg = Debug|Any CPU
		{40CBD202-FAC8-454B-A2F8-EE90269E153A}.Debug|Any CPU.Build.0 = Debug|Any CPU
		{40CBD202-FAC8-454B-A2F8-EE90269E153A}.Release|Any CPU.ActiveCfg = Release|Any CPU
		{40CBD202-FAC8-454B-A2F8-EE90269E153A}.Release|Any CPU.Build.0 = Release|Any CPU
		{D96DF76F-5622-41E1-9DEC-FF25644A15BE}.Debug|Any CPU.ActiveCfg = Debug|Any CPU
		{D96DF76F-5622-41E1-9DEC-FF25644A15BE}.Debug|Any CPU.Build.0 = Debug|Any CPU
		{D96DF76F-5622-41E1-9DEC-FF25644A15BE}.Release|Any CPU.ActiveCfg = Release|Any CPU
		{D96DF76F-5622-41E1-9DEC-FF25644A15BE}.Release|Any CPU.Build.0 = Release|Any CPU
	EndGlobalSection
	GlobalSection(SolutionProperties) = preSolution
		HideSolutionNode = FALSE
	EndGlobalSection
	GlobalSection(NestedProjects) = preSolution
		{79180148-8F5A-4924-8F0C-8EDB51E239A4} = {5581EA1A-ADEE-4102-9730-3AD6D3D62BA7}
		{40CBD202-FAC8-454B-A2F8-EE90269E153A} = {5581EA1A-ADEE-4102-9730-3AD6D3D62BA7}
	EndGlobalSection
	GlobalSection(ExtensibilityGlobals) = postSolution
		SolutionGuid = {17C90552-19B9-4C58-A32F-DA8BE0FB6C79}
	EndGlobalSection
EndGlobal
